# This file was autogenerated by Stack.
# You should not edit this file by hand.
# For more information, please see the documentation at:
#   https://docs.haskellstack.org/en/stable/lock_files

packages:
- completed:
    hackage: dhall-1.23.0@sha256:12a699b7ed30ee40b1a3e05dfd3eef1b053914a5aebeb2f76cc568306570e51b,30737
    pantry-tree:
      size: 127759
      sha256: d5c6ff3a3628ac42975364405f9c0dfac4ad0286667e2535839b4806e5438109
  original:
    hackage: dhall-1.23.0
- completed:
    hackage: dhall-json-1.2.8@sha256:e098f4f7891ea9ab2ac38c126614e07c821166dea47f10d876eaeda0ad5ceb11,3722
    pantry-tree:
      size: 632
      sha256: c73951ed3564a1650d11d282c21cb284c884ff5524349f0d67298af7ea6ea90c
  original:
    hackage: dhall-json-1.2.8
- completed:
    hackage: async-pool-0.9.0.2@sha256:3aca5861a7b839d02a3f5c52ad6d1ce368631003f68c3d9cb6d711c29e9618db,1599
    pantry-tree:
      size: 443
      sha256: 6e97326dc06f9c32fbe7b312e17c427a716a9c2688529ab356de61b0effdb684
  original:
    hackage: async-pool-0.9.0.2
- completed:
    hackage: cborg-json-0.2.1.0@sha256:af9137557002ca5308fe80570a9a29398dfb9708423870875223796760689ac3,1268
    pantry-tree:
      size: 274
      sha256: fa0ca2dc2d6cdab48e5ef74ffe248670045fca98339d939e47215a5c3ebe47c0
  original:
    hackage: cborg-json-0.2.1.0@sha256:af9137557002ca5308fe80570a9a29398dfb9708423870875223796760689ac3
- completed:
    hackage: versions-3.5.0@sha256:4eacd2eb31d6048b87ce3aa2c5cce98b79ac603cfd0e9c52706fcdb68625eb8d,2550
    pantry-tree:
      size: 319
      sha256: 95f204e361a7fb2d943ca580ba60eda9cfb989ca7a9420bf56e7904cbbc9b5a6
  original:
    hackage: versions-3.5.0
- completed:
    hackage: dotgen-0.4.2@sha256:309b7cc8a3593a8e48bee7b53020d5f72db156d58edf78a0214f58fbb84b292b,1402
    pantry-tree:
      size: 357
      sha256: d03f332855d4d9b02e96931596e358202bd18032c323fb1abd8fe84299d259cd
  original:
    hackage: dotgen-0.4.2
- completed:
    hackage: megaparsec-7.0.3@sha256:2dd155e03b373ebf082bfea1dcc805a7ec1921b4fb3909c47dee4ab8a3aaf68a,6202
    pantry-tree:
      size: 2647
      sha256: 730ec04d25a37b28e19568730d4dda75cd44c7fe9f408316c3117c0a38453763
  original:
    hackage: megaparsec-7.0.3
- completed:
    hackage: repline-0.2.1.0@sha256:0f8e92d78e771afb9d41243c2b6ab9609fe02f94e676fae3caed66fa4ce09b18,1187
    pantry-tree:
      size: 323
      sha256: f48833fb8a89fc4ede1b254bdfbc8937d82e694eb05bf936bf89293bab691700
  original:
    hackage: repline-0.2.1.0
- completed:
    hackage: serialise-0.2.1.0@sha256:8d6051f64c6ebfaf705195dd0b8dfb667617f2e674b290ed2e44985009e4f951,8242
    pantry-tree:
      size: 4056
      sha256: 26f4c5d503a78001152b73868bd66c5b3479d9b62bb0134c6557815ced34402a
  original:
    hackage: serialise-0.2.1.0
- completed:
    hackage: Win32-2.5.4.1@sha256:e623a1058bd8134ec14d62759f76cac52eee3576711cb2c4981f398f1ec44b85,3970
    pantry-tree:
      size: 5866
      sha256: 34a2d4724363d2f509aba87672b87a24a5246737421ba904d242b1766c6df080
  original:
    hackage: Win32-2.5.4.1@sha256:e623a1058bd8134ec14d62759f76cac52eee3576711cb2c4981f398f1ec44b85
- completed:
    hackage: Glob-0.10.0@sha256:bbccaf21bff9071dcf369f55cc1a07250bdc84c432bdf4277ed53e5e2327cd7d,2947
    pantry-tree:
      size: 1432
      sha256: 2b14578b5cf51af20efeaf332a1e1ea0c9c24fe2fcb2afba64f77d9249395844
  original:
    hackage: Glob-0.10.0
- completed:
    hackage: turtle-1.5.14@sha256:be0f9d3102e11458554d17f581a69984e511f15d6d51a4c4816743783576b566,4908
    pantry-tree:
      size: 1114
      sha256: 191eed87a5e8713a212ddfe4c5f4b819d07771c56becd92b8b5c6119f7ddad5d
  original:
    hackage: turtle-1.5.14
snapshots:
- completed:
    size: 508406
    url: https://raw.githubusercontent.com/commercialhaskell/stackage-snapshots/master/lts/12/21.yaml
    sha256: 609dd00c32f59e11bb333b9113d9d2e54269627de1268cbb3cc576af8c7b6237
  original: lts-12.21
