# This file was autogenerated by Stack.
# You should not edit this file by hand.
# For more information, please see the documentation at:
#   https://docs.haskellstack.org/en/stable/lock_files

packages:
- completed:
    hackage: dhall-1.25.0@sha256:1c6724d963bf3428ddf0336f916e3f9bc429bf81ed2e27a8855dbbee11d89fe2,40352
    pantry-tree:
      size: 225143
      sha256: 0ed1fb4d2bc400d71e9445199f5af8985ba8e1faad029b416745aa4ac5c8f20d
  original:
    hackage: dhall-1.25.0
- completed:
    hackage: dhall-json-1.4.0@sha256:74f6422e7b84d32f9965b604e09bc1eb10dc4b9693f735be30a5fb1e4dd61478,5240
    pantry-tree:
      size: 2261
      sha256: fee6d6d1be4a2e1ef1ce1986a89f71a5ef95fb55e519db475e1f3ac9e76b9662
  original:
    hackage: dhall-json-1.4.0
- completed:
    hackage: github-0.22@sha256:13f09e904248a40dd173c08f2859d0dfda178a7c27f88df20b70a0d5a7614757,6909
    pantry-tree:
      size: 7050
      sha256: f290767f547b77ae323da3fb92a662c8a9e5fed1c23f626937e79ae983b84af0
  original:
    hackage: github-0.22
- completed:
    hackage: async-pool-0.9.0.2@sha256:3aca5861a7b839d02a3f5c52ad6d1ce368631003f68c3d9cb6d711c29e9618db,1599
    pantry-tree:
      size: 443
      sha256: 6e97326dc06f9c32fbe7b312e17c427a716a9c2688529ab356de61b0effdb684
  original:
    hackage: async-pool-0.9.0.2@sha256:3aca5861a7b839d02a3f5c52ad6d1ce368631003f68c3d9cb6d711c29e9618db,1599
- completed:
    hackage: binary-instances-1@sha256:cdef50410f2797de38f021d328d38c32b2f4abeaab86bfaf78e0657150863090,2613
    pantry-tree:
      size: 1035
      sha256: b58b9e7a482f158b33d87d807cd91bf99e6cd998593f4d9b11d96e978559a690
  original:
    hackage: binary-instances-1@sha256:cdef50410f2797de38f021d328d38c32b2f4abeaab86bfaf78e0657150863090,2613
- completed:
    hackage: directory-1.3.4.0@sha256:500019f04494324d1df16cf83eefeb3f809b2b20b32a32ccd755ee0439c18bfd,2829
    pantry-tree:
      size: 3365
      sha256: 00c09e0c014d29ebfb921b64c1459e61a0ad6f10e70128d795246a47c06394b0
  original:
    hackage: directory-1.3.4.0@sha256:500019f04494324d1df16cf83eefeb3f809b2b20b32a32ccd755ee0439c18bfd,2829
- completed:
    hackage: semver-range-0.2.8@sha256:44918080c220cf67b6e7c8ad16f01f3cfe1ac69d4f72e528e84d566348bb23c3,1941
    pantry-tree:
      size: 401
      sha256: fd72964da8246cc09d477b4c6e6f20971de058917d08d9f8183f5c0e2116f9c6
  original:
    hackage: semver-range-0.2.8@sha256:44918080c220cf67b6e7c8ad16f01f3cfe1ac69d4f72e528e84d566348bb23c3,1941
- completed:
    hackage: process-1.6.5.1@sha256:77a9afeb676357f67fe5cf1ad79aca0745fb6f7fb96b786d510af08f622643f6,2468
    pantry-tree:
      size: 1211
      sha256: 19d944da6aa37944332e0726372288319852e5f72aa57dbc3516dc15e760a502
  original:
    hackage: process-1.6.5.1@sha256:77a9afeb676357f67fe5cf1ad79aca0745fb6f7fb96b786d510af08f622643f6,2468
- completed:
    hackage: cborg-json-0.2.1.0@sha256:af9137557002ca5308fe80570a9a29398dfb9708423870875223796760689ac3,1268
    pantry-tree:
      size: 274
      sha256: fa0ca2dc2d6cdab48e5ef74ffe248670045fca98339d939e47215a5c3ebe47c0
  original:
    hackage: cborg-json-0.2.1.0@sha256:af9137557002ca5308fe80570a9a29398dfb9708423870875223796760689ac3
snapshots:
- completed:
    size: 523878
    url: https://raw.githubusercontent.com/commercialhaskell/stackage-snapshots/master/lts/14/3.yaml
    sha256: 470c46c27746a48c7c50f829efc0cf00112787a7804ee4ac7a27754658f6d92c
  original: lts-14.3
