# This file was autogenerated by Stack.
# You should not edit this file by hand.
# For more information, please see the documentation at:
#   https://docs.haskellstack.org/en/stable/lock_files

packages:
- completed:
    hackage: async-pool-0.9.1@sha256:4015140f896c3f1652b06a679b0ade2717d05557970c283ea2c372a71be2a6a1,1605
    pantry-tree:
      size: 443
      sha256: 525b46e6a39c80b7461e8cd146d540c27d47abc717b746ff34c21aa9b1c47743
  original:
    hackage: async-pool-0.9.1@sha256:4015140f896c3f1652b06a679b0ade2717d05557970c283ea2c372a71be2a6a1,1605
- completed:
    hackage: binary-instances-1.0.0.1@sha256:e234be994da675479a3661f050d4a1d53565c9ed7786d9a68b7a29ba8b54b5a7,2659
    pantry-tree:
      size: 1035
      sha256: 6086ebb4c6f3d28200f295c36495227b3cd762ab1de3dafa36f6ce8674a23a90
  original:
    hackage: binary-instances-1.0.0.1@sha256:e234be994da675479a3661f050d4a1d53565c9ed7786d9a68b7a29ba8b54b5a7,2659
- completed:
    hackage: github-0.26@sha256:a9d4046325c3eb28cdc7bef2c3f5bb213328caeae0b7dce6f51de655f0bffaa1,7162
    pantry-tree:
      size: 7511
      sha256: b71aab2984b268030c9e2617043575681134c1fe60dffbd5596e659c0a3e9aec
  original:
    hackage: github-0.26@sha256:a9d4046325c3eb28cdc7bef2c3f5bb213328caeae0b7dce6f51de655f0bffaa1,7162
- completed:
    hackage: hspec-megaparsec-2.0.1@sha256:7f26ab334eaa653054766110cf259c31314d1c2ec170270e56101e344ce65ef9,2163
    pantry-tree:
      size: 385
      sha256: fb4b022bc9076c0e2486b0267a3702e8029f5eaf04683428592919d606cc9b7c
  original:
    hackage: hspec-megaparsec-2.0.1@sha256:7f26ab334eaa653054766110cf259c31314d1c2ec170270e56101e344ce65ef9,2163
- completed:
    hackage: megaparsec-7.0.5@sha256:45e1f1348fab2783646fdb4d9e6097568981a740951c7356d36d794e2baba305,3902
    pantry-tree:
      size: 1428
      sha256: 1f8baf6e07326f8c8a2dd31de6b2860427f158b0892c52ba5fe9ffeb6cd3bf7f
  original:
    hackage: megaparsec-7.0.5@sha256:45e1f1348fab2783646fdb4d9e6097568981a740951c7356d36d794e2baba305,3902
- completed:
    hackage: semver-range-0.2.8@sha256:44918080c220cf67b6e7c8ad16f01f3cfe1ac69d4f72e528e84d566348bb23c3,1941
    pantry-tree:
      size: 401
      sha256: fd72964da8246cc09d477b4c6e6f20971de058917d08d9f8183f5c0e2116f9c6
  original:
    hackage: semver-range-0.2.8@sha256:44918080c220cf67b6e7c8ad16f01f3cfe1ac69d4f72e528e84d566348bb23c3,1941
snapshots:
- completed:
    size: 531237
    url: https://raw.githubusercontent.com/commercialhaskell/stackage-snapshots/master/lts/16/0.yaml
    sha256: 210e15b7043e2783115afe16b0d54914b1611cdaa73f3ca3ca7f8e0847ff54e5
  original: lts-16.0
