{
  "name": "spaghetto",
  "lockfileVersion": 2,
  "requires": true,
  "packages": {
    "": {
      "dependencies": {
        "@iarna/toml": "github:iarna/iarna-toml"
      }
    },
    "node_modules/@iarna/toml": {
      "version": "3.0.0",
      "resolved": "git+ssh://git@github.com/iarna/iarna-toml.git#1374bf2f151aa23e32fecadceb49d4411c9b7adf",
      "license": "ISC"
    }
  },
  "dependencies": {
    "@iarna/toml": {
      "version": "git+ssh://git@github.com/iarna/iarna-toml.git#1374bf2f151aa23e32fecadceb49d4411c9b7adf",
      "from": "@iarna/toml@https://github.com/iarna/iarna-toml"
    }
  }
}
